// !$*UTF8*$!
{
	archiveVersion = 1;
	classes = {
	};
	objectVersion = 56;
	objects = {

/* Begin PBXBuildFile section */
		F14C54D22C09E2140006A0EE /* AppDelegate.swift in Sources */ = {isa = PBXBuildFile; fileRef = F14C54D12C09E2140006A0EE /* AppDelegate.swift */; };
		F14C54D42C09E2140006A0EE /* SceneDelegate.swift in Sources */ = {isa = PBXBuildFile; fileRef = F14C54D32C09E2140006A0EE /* SceneDelegate.swift */; };
		F14C54D62C09E2140006A0EE /* ViewController.swift in Sources */ = {isa = PBXBuildFile; fileRef = F14C54D52C09E2140006A0EE /* ViewController.swift */; };
		F14C54DB2C09E2160006A0EE /* Assets.xcassets in Resources */ = {isa = PBXBuildFile; fileRef = F14C54DA2C09E2160006A0EE /* Assets.xcassets */; };
		F14C54DE2C09E2160006A0EE /* Base in Resources */ = {isa = PBXBuildFile; fileRef = F14C54DD2C09E2160006A0EE /* Base */; };
		F14C54E72C09EB920006A0EE /* FirstLaunchViewController.swift in Sources */ = {isa = PBXBuildFile; fileRef = F14C54E62C09EB920006A0EE /* FirstLaunchViewController.swift */; };
		F14C54EA2C0A10EA0006A0EE /* SignInAccountViewController.swift in Sources */ = {isa = PBXBuildFile; fileRef = F14C54E92C0A10EA0006A0EE /* SignInAccountViewController.swift */; };
		F14C54ED2C0A3A8D0006A0EE /* MainScreenViewController.swift in Sources */ = {isa = PBXBuildFile; fileRef = F14C54EC2C0A3A8D0006A0EE /* MainScreenViewController.swift */; };
		F14C54F02C0A3B2A0006A0EE /* FeedViewController.swift in Sources */ = {isa = PBXBuildFile; fileRef = F14C54EF2C0A3B2A0006A0EE /* FeedViewController.swift */; };
		F14C54F32C0A3B720006A0EE /* FriendsViewController.swift in Sources */ = {isa = PBXBuildFile; fileRef = F14C54F22C0A3B720006A0EE /* FriendsViewController.swift */; };
		F14C54F82C0A3B8A0006A0EE /* InboxViewController.swift in Sources */ = {isa = PBXBuildFile; fileRef = F14C54F72C0A3B8A0006A0EE /* InboxViewController.swift */; };
		F14C54FA2C0A3B960006A0EE /* ProfileViewController.swift in Sources */ = {isa = PBXBuildFile; fileRef = F14C54F92C0A3B960006A0EE /* ProfileViewController.swift */; };
		F14C54FD2C0A3FC10006A0EE /* FeedVideoCellCollectionViewCell.swift in Sources */ = {isa = PBXBuildFile; fileRef = F14C54FC2C0A3FC10006A0EE /* FeedVideoCellCollectionViewCell.swift */; };
/* End PBXBuildFile section */

/* Begin PBXFileReference section */
		F14C54CE2C09E2140006A0EE /* TikTok.app */ = {isa = PBXFileReference; explicitFileType = wrapper.application; includeInIndex = 0; path = TikTok.app; sourceTree = BUILT_PRODUCTS_DIR; };
		F14C54D12C09E2140006A0EE /* AppDelegate.swift */ = {isa = PBXFileReference; lastKnownFileType = sourcecode.swift; path = AppDelegate.swift; sourceTree = "<group>"; };
		F14C54D32C09E2140006A0EE /* SceneDelegate.swift */ = {isa = PBXFileReference; lastKnownFileType = sourcecode.swift; path = SceneDelegate.swift; sourceTree = "<group>"; };
		F14C54D52C09E2140006A0EE /* ViewController.swift */ = {isa = PBXFileReference; lastKnownFileType = sourcecode.swift; path = ViewController.swift; sourceTree = "<group>"; };
		F14C54DA2C09E2160006A0EE /* Assets.xcassets */ = {isa = PBXFileReference; lastKnownFileType = folder.assetcatalog; path = Assets.xcassets; sourceTree = "<group>"; };
		F14C54DD2C09E2160006A0EE /* Base */ = {isa = PBXFileReference; lastKnownFileType = file.storyboard; name = Base; path = Base.lproj/LaunchScreen.storyboard; sourceTree = "<group>"; };
		F14C54DF2C09E2160006A0EE /* Info.plist */ = {isa = PBXFileReference; lastKnownFileType = text.plist.xml; path = Info.plist; sourceTree = "<group>"; };
		F14C54E62C09EB920006A0EE /* FirstLaunchViewController.swift */ = {isa = PBXFileReference; lastKnownFileType = sourcecode.swift; path = FirstLaunchViewController.swift; sourceTree = "<group>"; };
		F14C54E92C0A10EA0006A0EE /* SignInAccountViewController.swift */ = {isa = PBXFileReference; lastKnownFileType = sourcecode.swift; path = SignInAccountViewController.swift; sourceTree = "<group>"; };
		F14C54EC2C0A3A8D0006A0EE /* MainScreenViewController.swift */ = {isa = PBXFileReference; lastKnownFileType = sourcecode.swift; path = MainScreenViewController.swift; sourceTree = "<group>"; };
		F14C54EF2C0A3B2A0006A0EE /* FeedViewController.swift */ = {isa = PBXFileReference; lastKnownFileType = sourcecode.swift; path = FeedViewController.swift; sourceTree = "<group>"; };
		F14C54F22C0A3B720006A0EE /* FriendsViewController.swift */ = {isa = PBXFileReference; lastKnownFileType = sourcecode.swift; path = FriendsViewController.swift; sourceTree = "<group>"; };
		F14C54F72C0A3B8A0006A0EE /* InboxViewController.swift */ = {isa = PBXFileReference; lastKnownFileType = sourcecode.swift; path = InboxViewController.swift; sourceTree = "<group>"; };
		F14C54F92C0A3B960006A0EE /* ProfileViewController.swift */ = {isa = PBXFileReference; lastKnownFileType = sourcecode.swift; path = ProfileViewController.swift; sourceTree = "<group>"; };
		F14C54FC2C0A3FC10006A0EE /* FeedVideoCellCollectionViewCell.swift */ = {isa = PBXFileReference; lastKnownFileType = sourcecode.swift; path = FeedVideoCellCollectionViewCell.swift; sourceTree = "<group>"; };
		F166A8882C10A36700515EFD /* README.md */ = {isa = PBXFileReference; lastKnownFileType = net.daringfireball.markdown; path = README.md; sourceTree = "<group>"; };
/* End PBXFileReference section */

/* Begin PBXFrameworksBuildPhase section */
		F14C54CB2C09E2140006A0EE /* Frameworks */ = {
			isa = PBXFrameworksBuildPhase;
			buildActionMask = 2147483647;
			files = (
			);
			runOnlyForDeploymentPostprocessing = 0;
		};
/* End PBXFrameworksBuildPhase section */

/* Begin PBXGroup section */
		F14C54C52C09E2140006A0EE = {
			isa = PBXGroup;
			children = (
				F166A8882C10A36700515EFD /* README.md */,
				F14C54D02C09E2140006A0EE /* TikTok */,
				F14C54CF2C09E2140006A0EE /* Products */,
			);
			sourceTree = "<group>";
		};
		F14C54CF2C09E2140006A0EE /* Products */ = {
			isa = PBXGroup;
			children = (
				F14C54CE2C09E2140006A0EE /* TikTok.app */,
			);
			name = Products;
			sourceTree = "<group>";
		};
		F14C54D02C09E2140006A0EE /* TikTok */ = {
			isa = PBXGroup;
			children = (
				F14C54EE2C0A3AB00006A0EE /* Extensions */,
				F14C54E52C09E8170006A0EE /* Controloler */,
				F14C54D12C09E2140006A0EE /* AppDelegate.swift */,
				F14C54D32C09E2140006A0EE /* SceneDelegate.swift */,
				F14C54D52C09E2140006A0EE /* ViewController.swift */,
				F14C54DA2C09E2160006A0EE /* Assets.xcassets */,
				F14C54DC2C09E2160006A0EE /* LaunchScreen.storyboard */,
				F14C54DF2C09E2160006A0EE /* Info.plist */,
			);
			path = TikTok;
			sourceTree = "<group>";
		};
		F14C54E52C09E8170006A0EE /* Controloler */ = {
			isa = PBXGroup;
			children = (
				F14C54EB2C0A3A840006A0EE /* Main */,
				F14C54E82C0A10CF0006A0EE /* Start */,
			);
			path = Controloler;
			sourceTree = "<group>";
		};
		F14C54E82C0A10CF0006A0EE /* Start */ = {
			isa = PBXGroup;
			children = (
				F14C54E62C09EB920006A0EE /* FirstLaunchViewController.swift */,
				F14C54E92C0A10EA0006A0EE /* SignInAccountViewController.swift */,
			);
			path = Start;
			sourceTree = "<group>";
		};
		F14C54EB2C0A3A840006A0EE /* Main */ = {
			isa = PBXGroup;
			children = (
				F14C54FB2C0A3FAB0006A0EE /* Feed */,
				F14C54EC2C0A3A8D0006A0EE /* MainScreenViewController.swift */,
				F14C54F22C0A3B720006A0EE /* FriendsViewController.swift */,
				F14C54F72C0A3B8A0006A0EE /* InboxViewController.swift */,
				F14C54F92C0A3B960006A0EE /* ProfileViewController.swift */,
			);
			path = Main;
			sourceTree = "<group>";
		};
		F14C54EE2C0A3AB00006A0EE /* Extensions */ = {
			isa = PBXGroup;
			children = (
			);
			path = Extensions;
			sourceTree = "<group>";
		};
		F14C54FB2C0A3FAB0006A0EE /* Feed */ = {
			isa = PBXGroup;
			children = (
				F14C54EF2C0A3B2A0006A0EE /* FeedViewController.swift */,
				F14C54FC2C0A3FC10006A0EE /* FeedVideoCellCollectionViewCell.swift */,
			);
			path = Feed;
			sourceTree = "<group>";
		};
/* End PBXGroup section */

/* Begin PBXNativeTarget section */
		F14C54CD2C09E2140006A0EE /* TikTok */ = {
			isa = PBXNativeTarget;
			buildConfigurationList = F14C54E22C09E2160006A0EE /* Build configuration list for PBXNativeTarget "TikTok" */;
			buildPhases = (
				F14C54CA2C09E2140006A0EE /* Sources */,
				F14C54CB2C09E2140006A0EE /* Frameworks */,
				F14C54CC2C09E2140006A0EE /* Resources */,
			);
			buildRules = (
			);
			dependencies = (
			);
			name = TikTok;
			productName = TikTok;
			productReference = F14C54CE2C09E2140006A0EE /* TikTok.app */;
			productType = "com.apple.product-type.application";
		};
/* End PBXNativeTarget section */

/* Begin PBXProject section */
		F14C54C62C09E2140006A0EE /* Project object */ = {
			isa = PBXProject;
			attributes = {
				BuildIndependentTargetsInParallel = 1;
				LastSwiftUpdateCheck = 1530;
				LastUpgradeCheck = 1530;
				TargetAttributes = {
					F14C54CD2C09E2140006A0EE = {
						CreatedOnToolsVersion = 15.3;
					};
				};
			};
			buildConfigurationList = F14C54C92C09E2140006A0EE /* Build configuration list for PBXProject "TikTok" */;
			compatibilityVersion = "Xcode 14.0";
			developmentRegion = en;
			hasScannedForEncodings = 0;
			knownRegions = (
				en,
				Base,
			);
			mainGroup = F14C54C52C09E2140006A0EE;
			productRefGroup = F14C54CF2C09E2140006A0EE /* Products */;
			projectDirPath = "";
			projectRoot = "";
			targets = (
				F14C54CD2C09E2140006A0EE /* TikTok */,
			);
		};
/* End PBXProject section */

/* Begin PBXResourcesBuildPhase section */
		F14C54CC2C09E2140006A0EE /* Resources */ = {
			isa = PBXResourcesBuildPhase;
			buildActionMask = 2147483647;
			files = (
				F14C54DB2C09E2160006A0EE /* Assets.xcassets in Resources */,
				F14C54DE2C09E2160006A0EE /* Base in Resources */,
			);
			runOnlyForDeploymentPostprocessing = 0;
		};
/* End PBXResourcesBuildPhase section */

/* Begin PBXSourcesBuildPhase section */
		F14C54CA2C09E2140006A0EE /* Sources */ = {
			isa = PBXSourcesBuildPhase;
			buildActionMask = 2147483647;
			files = (
				F14C54F32C0A3B720006A0EE /* FriendsViewController.swift in Sources */,
				F14C54FD2C0A3FC10006A0EE /* FeedVideoCellCollectionViewCell.swift in Sources */,
				F14C54E72C09EB920006A0EE /* FirstLaunchViewController.swift in Sources */,
				F14C54FA2C0A3B960006A0EE /* ProfileViewController.swift in Sources */,
				F14C54D62C09E2140006A0EE /* ViewController.swift in Sources */,
				F14C54D22C09E2140006A0EE /* AppDelegate.swift in Sources */,
				F14C54F82C0A3B8A0006A0EE /* InboxViewController.swift in Sources */,
				F14C54EA2C0A10EA0006A0EE /* SignInAccountViewController.swift in Sources */,
				F14C54ED2C0A3A8D0006A0EE /* MainScreenViewController.swift in Sources */,
				F14C54D42C09E2140006A0EE /* SceneDelegate.swift in Sources */,
				F14C54F02C0A3B2A0006A0EE /* FeedViewController.swift in Sources */,
			);
			runOnlyForDeploymentPostprocessing = 0;
		};
/* End PBXSourcesBuildPhase section */

/* Begin PBXVariantGroup section */
		F14C54DC2C09E2160006A0EE /* LaunchScreen.storyboard */ = {
			isa = PBXVariantGroup;
			children = (
				F14C54DD2C09E2160006A0EE /* Base */,
			);
			name = LaunchScreen.storyboard;
			sourceTree = "<group>";
		};
/* End PBXVariantGroup section */

/* Begin XCBuildConfiguration section */
		F14C54E02C09E2160006A0EE /* Debug */ = {
			isa = XCBuildConfiguration;
			buildSettings = {
				ALWAYS_SEARCH_USER_PATHS = NO;
				ASSETCATALOG_COMPILER_GENERATE_SWIFT_ASSET_SYMBOL_EXTENSIONS = YES;
				CLANG_ANALYZER_NONNULL = YES;
				CLANG_ANALYZER_NUMBER_OBJECT_CONVERSION = YES_AGGRESSIVE;
				CLANG_CXX_LANGUAGE_STANDARD = "gnu++20";
				CLANG_ENABLE_MODULES = YES;
				CLANG_ENABLE_OBJC_ARC = YES;
				CLANG_ENABLE_OBJC_WEAK = YES;
				CLANG_WARN_BLOCK_CAPTURE_AUTORELEASING = YES;
				CLANG_WARN_BOOL_CONVERSION = YES;
				CLANG_WARN_COMMA = YES;
				CLANG_WARN_CONSTANT_CONVERSION = YES;
				CLANG_WARN_DEPRECATED_OBJC_IMPLEMENTATIONS = YES;
				CLANG_WARN_DIRECT_OBJC_ISA_USAGE = YES_ERROR;
				CLANG_WARN_DOCUMENTATION_COMMENTS = YES;
				CLANG_WARN_EMPTY_BODY = YES;
				CLANG_WARN_ENUM_CONVERSION = YES;
				CLANG_WARN_INFINITE_RECURSION = YES;
				CLANG_WARN_INT_CONVERSION = YES;
				CLANG_WARN_NON_LITERAL_NULL_CONVERSION = YES;
				CLANG_WARN_OBJC_IMPLICIT_RETAIN_SELF = YES;
				CLANG_WARN_OBJC_LITERAL_CONVERSION = YES;
				CLANG_WARN_OBJC_ROOT_CLASS = YES_ERROR;
				CLANG_WARN_QUOTED_INCLUDE_IN_FRAMEWORK_HEADER = YES;
				CLANG_WARN_RANGE_LOOP_ANALYSIS = YES;
				CLANG_WARN_STRICT_PROTOTYPES = YES;
				CLANG_WARN_SUSPICIOUS_MOVE = YES;
				CLANG_WARN_UNGUARDED_AVAILABILITY = YES_AGGRESSIVE;
				CLANG_WARN_UNREACHABLE_CODE = YES;
				CLANG_WARN__DUPLICATE_METHOD_MATCH = YES;
				COPY_PHASE_STRIP = NO;
				DEBUG_INFORMATION_FORMAT = dwarf;
				ENABLE_STRICT_OBJC_MSGSEND = YES;
				ENABLE_TESTABILITY = YES;
				ENABLE_USER_SCRIPT_SANDBOXING = YES;
				GCC_C_LANGUAGE_STANDARD = gnu17;
				GCC_DYNAMIC_NO_PIC = NO;
				GCC_NO_COMMON_BLOCKS = YES;
				GCC_OPTIMIZATION_LEVEL = 0;
				GCC_PREPROCESSOR_DEFINITIONS = (
					"DEBUG=1",
					"$(inherited)",
				);
				GCC_WARN_64_TO_32_BIT_CONVERSION = YES;
				GCC_WARN_ABOUT_RETURN_TYPE = YES_ERROR;
				GCC_WARN_UNDECLARED_SELECTOR = YES;
				GCC_WARN_UNINITIALIZED_AUTOS = YES_AGGRESSIVE;
				GCC_WARN_UNUSED_FUNCTION = YES;
				GCC_WARN_UNUSED_VARIABLE = YES;
				IPHONEOS_DEPLOYMENT_TARGET = 17.4;
				LOCALIZATION_PREFERS_STRING_CATALOGS = YES;
				MTL_ENABLE_DEBUG_INFO = INCLUDE_SOURCE;
				MTL_FAST_MATH = YES;
				ONLY_ACTIVE_ARCH = YES;
				SDKROOT = iphoneos;
				SWIFT_ACTIVE_COMPILATION_CONDITIONS = "DEBUG $(inherited)";
				SWIFT_OPTIMIZATION_LEVEL = "-Onone";
			};
			name = Debug;
		};
		F14C54E12C09E2160006A0EE /* Release */ = {
			isa = XCBuildConfiguration;
			buildSettings = {
				ALWAYS_SEARCH_USER_PATHS = NO;
				ASSETCATALOG_COMPILER_GENERATE_SWIFT_ASSET_SYMBOL_EXTENSIONS = YES;
				CLANG_ANALYZER_NONNULL = YES;
				CLANG_ANALYZER_NUMBER_OBJECT_CONVERSION = YES_AGGRESSIVE;
				CLANG_CXX_LANGUAGE_STANDARD = "gnu++20";
				CLANG_ENABLE_MODULES = YES;
				CLANG_ENABLE_OBJC_ARC = YES;
				CLANG_ENABLE_OBJC_WEAK = YES;
				CLANG_WARN_BLOCK_CAPTURE_AUTORELEASING = YES;
				CLANG_WARN_BOOL_CONVERSION = YES;
				CLANG_WARN_COMMA = YES;
				CLANG_WARN_CONSTANT_CONVERSION = YES;
				CLANG_WARN_DEPRECATED_OBJC_IMPLEMENTATIONS = YES;
				CLANG_WARN_DIRECT_OBJC_ISA_USAGE = YES_ERROR;
				CLANG_WARN_DOCUMENTATION_COMMENTS = YES;
				CLANG_WARN_EMPTY_BODY = YES;
				CLANG_WARN_ENUM_CONVERSION = YES;
				CLANG_WARN_INFINITE_RECURSION = YES;
				CLANG_WARN_INT_CONVERSION = YES;
				CLANG_WARN_NON_LITERAL_NULL_CONVERSION = YES;
				CLANG_WARN_OBJC_IMPLICIT_RETAIN_SELF = YES;
				CLANG_WARN_OBJC_LITERAL_CONVERSION = YES;
				CLANG_WARN_OBJC_ROOT_CLASS = YES_ERROR;
				CLANG_WARN_QUOTED_INCLUDE_IN_FRAMEWORK_HEADER = YES;
				CLANG_WARN_RANGE_LOOP_ANALYSIS = YES;
				CLANG_WARN_STRICT_PROTOTYPES = YES;
				CLANG_WARN_SUSPICIOUS_MOVE = YES;
				CLANG_WARN_UNGUARDED_AVAILABILITY = YES_AGGRESSIVE;
				CLANG_WARN_UNREACHABLE_CODE = YES;
				CLANG_WARN__DUPLICATE_METHOD_MATCH = YES;
				COPY_PHASE_STRIP = NO;
				DEBUG_INFORMATION_FORMAT = "dwarf-with-dsym";
				ENABLE_NS_ASSERTIONS = NO;
				ENABLE_STRICT_OBJC_MSGSEND = YES;
				ENABLE_USER_SCRIPT_SANDBOXING = YES;
				GCC_C_LANGUAGE_STANDARD = gnu17;
				GCC_NO_COMMON_BLOCKS = YES;
				GCC_WARN_64_TO_32_BIT_CONVERSION = YES;
				GCC_WARN_ABOUT_RETURN_TYPE = YES_ERROR;
				GCC_WARN_UNDECLARED_SELECTOR = YES;
				GCC_WARN_UNINITIALIZED_AUTOS = YES_AGGRESSIVE;
				GCC_WARN_UNUSED_FUNCTION = YES;
				GCC_WARN_UNUSED_VARIABLE = YES;
				IPHONEOS_DEPLOYMENT_TARGET = 17.4;
				LOCALIZATION_PREFERS_STRING_CATALOGS = YES;
				MTL_ENABLE_DEBUG_INFO = NO;
				MTL_FAST_MATH = YES;
				SDKROOT = iphoneos;
				SWIFT_COMPILATION_MODE = wholemodule;
				VALIDATE_PRODUCT = YES;
			};
			name = Release;
		};
		F14C54E32C09E2160006A0EE /* Debug */ = {
			isa = XCBuildConfiguration;
			buildSettings = {
				ASSETCATALOG_COMPILER_APPICON_NAME = AppIcon;
				ASSETCATALOG_COMPILER_GLOBAL_ACCENT_COLOR_NAME = AccentColor;
				CODE_SIGN_STYLE = Automatic;
				CURRENT_PROJECT_VERSION = 1;
				DEVELOPMENT_TEAM = 953L4WCQ6C;
				GENERATE_INFOPLIST_FILE = YES;
				INFOPLIST_FILE = TikTok/Info.plist;
				INFOPLIST_KEY_UIApplicationSupportsIndirectInputEvents = YES;
				INFOPLIST_KEY_UILaunchStoryboardName = LaunchScreen;
				INFOPLIST_KEY_UISupportedInterfaceOrientations_iPad = "UIInterfaceOrientationPortrait UIInterfaceOrientationPortraitUpsideDown UIInterfaceOrientationLandscapeLeft UIInterfaceOrientationLandscapeRight";
				INFOPLIST_KEY_UISupportedInterfaceOrientations_iPhone = "UIInterfaceOrientationPortrait UIInterfaceOrientationLandscapeLeft UIInterfaceOrientationLandscapeRight";
				LD_RUNPATH_SEARCH_PATHS = (
					"$(inherited)",
					"@executable_path/Frameworks",
				);
				MARKETING_VERSION = 1.0;
				PRODUCT_BUNDLE_IDENTIFIER = dev.marszalkowski.TikTok;
				PRODUCT_NAME = "$(TARGET_NAME)";
				SWIFT_EMIT_LOC_STRINGS = YES;
				SWIFT_VERSION = 5.0;
				TARGETED_DEVICE_FAMILY = "1,2";
			};
			name = Debug;
		};
		F14C54E42C09E2160006A0EE /* Release */ = {
			isa = XCBuildConfiguration;
			buildSettings = {
				ASSETCATALOG_COMPILER_APPICON_NAME = AppIcon;
				ASSETCATALOG_COMPILER_GLOBAL_ACCENT_COLOR_NAME = AccentColor;
				CODE_SIGN_STYLE = Automatic;
				CURRENT_PROJECT_VERSION = 1;
				DEVELOPMENT_TEAM = 953L4WCQ6C;
				GENERATE_INFOPLIST_FILE = YES;
				INFOPLIST_FILE = TikTok/Info.plist;
				INFOPLIST_KEY_UIApplicationSupportsIndirectInputEvents = YES;
				INFOPLIST_KEY_UILaunchStoryboardName = LaunchScreen;
				INFOPLIST_KEY_UISupportedInterfaceOrientations_iPad = "UIInterfaceOrientationPortrait UIInterfaceOrientationPortraitUpsideDown UIInterfaceOrientationLandscapeLeft UIInterfaceOrientationLandscapeRight";
				INFOPLIST_KEY_UISupportedInterfaceOrientations_iPhone = "UIInterfaceOrientationPortrait UIInterfaceOrientationLandscapeLeft UIInterfaceOrientationLandscapeRight";
				LD_RUNPATH_SEARCH_PATHS = (
					"$(inherited)",
					"@executable_path/Frameworks",
				);
				MARKETING_VERSION = 1.0;
				PRODUCT_BUNDLE_IDENTIFIER = dev.marszalkowski.TikTok;
				PRODUCT_NAME = "$(TARGET_NAME)";
				SWIFT_EMIT_LOC_STRINGS = YES;
				SWIFT_VERSION = 5.0;
				TARGETED_DEVICE_FAMILY = "1,2";
			};
			name = Release;
		};
/* End XCBuildConfiguration section */

/* Begin XCConfigurationList section */
		F14C54C92C09E2140006A0EE /* Build configuration list for PBXProject "TikTok" */ = {
			isa = XCConfigurationList;
			buildConfigurations = (
				F14C54E02C09E2160006A0EE /* Debug */,
				F14C54E12C09E2160006A0EE /* Release */,
			);
			defaultConfigurationIsVisible = 0;
			defaultConfigurationName = Release;
		};
		F14C54E22C09E2160006A0EE /* Build configuration list for PBXNativeTarget "TikTok" */ = {
			isa = XCConfigurationList;
			buildConfigurations = (
				F14C54E32C09E2160006A0EE /* Debug */,
				F14C54E42C09E2160006A0EE /* Release */,
			);
			defaultConfigurationIsVisible = 0;
			defaultConfigurationName = Release;
		};
/* End XCConfigurationList section */
	};
	rootObject = F14C54C62C09E2140006A0EE /* Project object */;
}
